{
    "_meta": {
        "hash": {
            "sha256": "92c2aa7035774327499a6ef79b5931a59c48bd0872891bf5179e3ccb2dd4ad88"
        },
        "pipfile-spec": 6,
        "requires": {
            "python_version": "3.13"
        },
        "sources": [
            {
                "name": "pypi",
                "url": "https://pypi.org/simple",
                "verify_ssl": true
            }
        ]
    },
    "default": {
        "colorama": {
            "hashes": [
                "sha256:08695f5cb7ed6e0531a20572697297273c47b8cae5a63ffc6d6ed5c201be6e44",
                "sha256:4f1d9991f5acc0ca119f9d443620b77f9d6b33703e51011c16baf57afb285fc6"
            ],
            "markers": "python_version >= '2.7' and python_version not in '3.0, 3.1, 3.2, 3.3, 3.4, 3.5, 3.6'",
            "version": "==0.4.6"
        },
        "dateparser": {
            "hashes": [
                "sha256:7e4919aeb48481dbfc01ac9683c8e20bfe95bb715a38c1e9f6af889f4f30ccc3",
                "sha256:bdcac262a467e6260030040748ad7c10d6bacd4f3b9cdb4cfd2251939174508c"
            ],
            "index": "pypi",
            "markers": "python_version >= '3.8'",
            "version": "==1.2.1"
        },
        "iniconfig": {
            "hashes": [
                "sha256:2d91e135bf72d31a410b17c16da610a82cb55f6b0477d1a902134b24a455b8b3",
                "sha256:b6a85871a79d2e3b22d2d1b94ac2824226a63c6b741c88f7ae975f18b6778374"
            ],
            "markers": "python_version >= '3.7'",
            "version": "==2.0.0"
        },
        "loguru": {
            "hashes": [
                "sha256:19480589e77d47b8d85b2c827ad95d49bf31b0dcde16593892eb51dd18706eb6",
                "sha256:31a33c10c8e1e10422bfd431aeb5d351c7cf7fa671e3c4df004162264b28220c"
            ],
            "index": "pypi",
            "markers": "python_version >= '3.5' and python_version < '4.0'",
            "version": "==0.7.3"
        },
        "mariadb": {
            "hashes": [
                "sha256:194045d2f59b2c9100dad210dbd8ba3008120f8a434e792dae15b711e5449022",
                "sha256:50b02ff2c78b1b4f4628a054e3c8c7dd92972137727a5cc309a64c9ed20c878c",
                "sha256:5ae99af48ba92e3e2edad1dcda293f352c1b65e335007943b9def4cdde622fab",
                "sha256:69b284ed12e6ef8dda6314cb1ca9d20d53b8a32a07bed2924beb25488e7d9502",
                "sha256:8b49fc1e8c38bf5a779d46f8cea61c99660adb08d5d15cb7dbc7911a6439ffc2",
                "sha256:8cc4068bdd14f4907746ec3bb37005682e47f84438cf56bdc6d901c2587f792a",
                "sha256:992064971e0ff4b4154b80b16589ec86237ce4bd33debe1be5212141c056858a",
                "sha256:b69bc18418e72fcf359d17736cdc3f601a271203aff13ef7c57a415c8fd52ab0",
                "sha256:ba43c42130d41352f32a5786c339cc931d05472ef7640fa3764d428dc294b88e",
                "sha256:dd9d0ca112eb670dfa99a2fb7c4398bcc2a8c452dbf5507a8e4b5c4ae991bb2a",
                "sha256:e3ce7c47be58897822d07f119461b2aa6aa41a53f3505bec517b14fc6c3611a6"
            ],
            "index": "pypi",
            "markers": "python_version >= '3.8'",
            "version": "==1.1.12"
        },
        "mysql-connector": {
            "hashes": [
                "sha256:1733e6ce52a049243de3264f1fbc22a852cb35458c4ad739ba88189285efdf32"
            ],
            "index": "pypi",
            "version": "==2.2.9"
        },
        "mysqlclient": {
            "hashes": [
                "sha256:199dab53a224357dd0cb4d78ca0e54018f9cee9bf9ec68d72db50e0a23569076",
                "sha256:201a6faa301011dd07bca6b651fe5aaa546d7c9a5426835a06c3172e1056a3c5",
                "sha256:24ae22b59416d5fcce7e99c9d37548350b4565baac82f95e149cac6ce4163845",
                "sha256:2e3c11f7625029d7276ca506f8960a7fd3c5a0a0122c9e7404e6a8fe961b3d22",
                "sha256:4b4c0200890837fc64014cc938ef2273252ab544c1b12a6c1d674c23943f3f2e",
                "sha256:92af368ed9c9144737af569c86d3b6c74a012a6f6b792eb868384787b52bb585",
                "sha256:977e35244fe6ef44124e9a1c2d1554728a7b76695598e4b92b37dc2130503069",
                "sha256:a22d99d26baf4af68ebef430e3131bb5a9b722b79a9fcfac6d9bbf8a88800687"
            ],
            "index": "pypi",
            "markers": "python_version >= '3.8'",
            "version": "==2.2.7"
        },
        "orjson": {
            "hashes": [
                "sha256:035fb83585e0f15e076759b6fedaf0abb460d1765b6a36f48018a52858443514",
                "sha256:05ca7fe452a2e9d8d9d706a2984c95b9c2ebc5db417ce0b7a49b91d50642a23e",
                "sha256:0a4f27ea5617828e6b58922fdbec67b0aa4bb844e2d363b9244c47fa2180e665",
                "sha256:13242f12d295e83c2955756a574ddd6741c81e5b99f2bef8ed8d53e47a01e4b7",
                "sha256:17085a6aa91e1cd70ca8533989a18b5433e15d29c574582f76f821737c8d5806",
                "sha256:1e6d33efab6b71d67f22bf2962895d3dc6f82a6273a965fab762e64fa90dc399",
                "sha256:208beedfa807c922da4e81061dafa9c8489c6328934ca2a562efa707e049e561",
                "sha256:295c70f9dc154307777ba30fe29ff15c1bcc9dfc5c48632f37d20a607e9ba85a",
                "sha256:305b38b2b8f8083cc3d618927d7f424349afce5975b316d33075ef0f73576b60",
                "sha256:33aedc3d903378e257047fee506f11e0833146ca3e57a1a1fb0ddb789876c1e1",
                "sha256:3614ea508d522a621384c1d6639016a5a2e4f027f3e4a1c93a51867615d28829",
                "sha256:3766ac4702f8f795ff3fa067968e806b4344af257011858cc3d6d8721588b53f",
                "sha256:3a63bb41559b05360ded9132032239e47983a39b151af1201f07ec9370715c82",
                "sha256:43e17289ffdbbac8f39243916c893d2ae41a2ea1a9cbb060a56a4d75286351ae",
                "sha256:552c883d03ad185f720d0c09583ebde257e41b9521b74ff40e08b7dec4559c04",
                "sha256:5dd9ef1639878cc3efffed349543cbf9372bdbd79f478615a1c633fe4e4180d1",
                "sha256:5e8afd6200e12771467a1a44e5ad780614b86abb4b11862ec54861a82d677746",
                "sha256:616e3e8d438d02e4854f70bfdc03a6bcdb697358dbaa6bcd19cbe24d24ece1f8",
                "sha256:63309e3ff924c62404923c80b9e2048c1f74ba4b615e7584584389ada50ed428",
                "sha256:6875210307d36c94873f553786a808af2788e362bd0cf4c8e66d976791e7b528",
                "sha256:6fd9bc64421e9fe9bd88039e7ce8e58d4fead67ca88e3a4014b143cec7684fd4",
                "sha256:7066b74f9f259849629e0d04db6609db4cf5b973248f455ba5d3bd58a4daaa5b",
                "sha256:73cb85490aa6bf98abd20607ab5c8324c0acb48d6da7863a51be48505646c814",
                "sha256:763dadac05e4e9d2bc14938a45a2d0560549561287d41c465d3c58aec818b164",
                "sha256:7723ad949a0ea502df656948ddd8b392780a5beaa4c3b5f97e525191b102fff0",
                "sha256:781d54657063f361e89714293c095f506c533582ee40a426cb6489c48a637b81",
                "sha256:7946922ada8f3e0b7b958cc3eb22cfcf6c0df83d1fe5521b4a100103e3fa84c8",
                "sha256:7a1c73dcc8fadbd7c55802d9aa093b36878d34a3b3222c41052ce6b0fc65f8e8",
                "sha256:7c203f6f969210128af3acae0ef9ea6aab9782939f45f6fe02d05958fe761ef9",
                "sha256:7c2c79fa308e6edb0ffab0a31fd75a7841bf2a79a20ef08a3c6e3b26814c8ca8",
                "sha256:7c864a80a2d467d7786274fce0e4f93ef2a7ca4ff31f7fc5634225aaa4e9e98c",
                "sha256:88dc3f65a026bd3175eb157fea994fca6ac7c4c8579fc5a86fc2114ad05705b7",
                "sha256:8918719572d662e18b8af66aef699d8c21072e54b6c82a3f8f6404c1f5ccd5e0",
                "sha256:9d11c0714fc85bfcf36ada1179400862da3288fc785c30e8297844c867d7505a",
                "sha256:9e590a0477b23ecd5b0ac865b1b907b01b3c5535f5e8a8f6ab0e503efb896334",
                "sha256:9e992fd5cfb8b9f00bfad2fd7a05a4299db2bbe92e6440d9dd2fab27655b3182",
                "sha256:a2f708c62d026fb5340788ba94a55c23df4e1869fec74be455e0b2f5363b8507",
                "sha256:a330b9b4734f09a623f74a7490db713695e13b67c959713b78369f26b3dee6bf",
                "sha256:a61a4622b7ff861f019974f73d8165be1bd9a0855e1cad18ee167acacabeb061",
                "sha256:a6be38bd103d2fd9bdfa31c2720b23b5d47c6796bcb1d1b598e3924441b4298d",
                "sha256:abc7abecdbf67a173ef1316036ebbf54ce400ef2300b4e26a7b843bd446c2480",
                "sha256:acd271247691574416b3228db667b84775c497b245fa275c6ab90dc1ffbbd2b3",
                "sha256:b0482b21d0462eddd67e7fce10b89e0b6ac56570424662b685a0d6fccf581e13",
                "sha256:b299383825eafe642cbab34be762ccff9fd3408d72726a6b2a4506d410a71ab3",
                "sha256:b342567e5465bd99faa559507fe45e33fc76b9fb868a63f1642c6bc0735ad02a",
                "sha256:b48f59114fe318f33bbaee8ebeda696d8ccc94c9e90bc27dbe72153094e26f41",
                "sha256:b7155eb1623347f0f22c38c9abdd738b287e39b9982e1da227503387b81b34ca",
                "sha256:bae0e6ec2b7ba6895198cd981b7cca95d1487d0147c8ed751e5632ad16f031a6",
                "sha256:bb00b7bfbdf5d34a13180e4805d76b4567025da19a197645ca746fc2fb536586",
                "sha256:bb5cc3527036ae3d98b65e37b7986a918955f85332c1ee07f9d3f82f3a6899b5",
                "sha256:c03cd6eea1bd3b949d0d007c8d57049aa2b39bd49f58b4b2af571a5d3833d890",
                "sha256:c25774c9e88a3e0013d7d1a6c8056926b607a61edd423b50eb5c88fd7f2823ae",
                "sha256:c33be3795e299f565681d69852ac8c1bc5c84863c0b0030b2b3468843be90388",
                "sha256:c4cc83960ab79a4031f3119cc4b1a1c627a3dc09df125b27c4201dff2af7eaa6",
                "sha256:cf45e0214c593660339ef63e875f32ddd5aa3b4adc15e662cdb80dc49e194f8e",
                "sha256:d13b7fe322d75bf84464b075eafd8e7dd9eae05649aa2a5354cfa32f43c59f17",
                "sha256:d433bf32a363823863a96561a555227c18a522a8217a6f9400f00ddc70139ae2",
                "sha256:d569c1c462912acdd119ccbf719cf7102ea2c67dd03b99edcb1a3048651ac96b",
                "sha256:d5ac11b659fd798228a7adba3e37c010e0152b78b1982897020a8e019a94882e",
                "sha256:da03392674f59a95d03fa5fb9fe3a160b0511ad84b7a3914699ea5a1b3a38da2",
                "sha256:da9a18c500f19273e9e104cca8c1f0b40a6470bcccfc33afcc088045d0bf5ea6",
                "sha256:dadba0e7b6594216c214ef7894c4bd5f08d7c0135f4dd0145600be4fbcc16767",
                "sha256:dba5a1e85d554e3897fa9fe6fbcff2ed32d55008973ec9a2b992bd9a65d2352d",
                "sha256:dd0099ae6aed5eb1fc84c9eb72b95505a3df4267e6962eb93cdd5af03be71c98",
                "sha256:ddbeef2481d895ab8be5185f2432c334d6dec1f5d1933a9c83014d188e102cef",
                "sha256:e117eb299a35f2634e25ed120c37c641398826c2f5a3d3cc39f5993b96171b9e",
                "sha256:e4759b109c37f635aa5c5cc93a1b26927bfde24b254bcc0e1149a9fada253d2d",
                "sha256:e78c211d0074e783d824ce7bb85bf459f93a233eb67a5b5003498232ddfb0e8a",
                "sha256:eca81f83b1b8c07449e1d6ff7074e82e3fd6777e588f1a6632127f286a968825",
                "sha256:eea80037b9fae5339b214f59308ef0589fc06dc870578b7cce6d71eb2096764c",
                "sha256:ef5b87e7aa9545ddadd2309efe6824bd3dd64ac101c15dae0f2f597911d46eaa",
                "sha256:efcf6c735c3d22ef60c4aa27a5238f1a477df85e9b15f2142f9d669beb2d13fd",
                "sha256:f71eae9651465dff70aa80db92586ad5b92df46a9373ee55252109bb6b703307",
                "sha256:f93ce145b2db1252dd86af37d4165b6faa83072b46e3995ecc95d4b2301b725a",
                "sha256:f95fb363d79366af56c3f26b71df40b9a583b07bbaaf5b317407c4d58497852e",
                "sha256:f9875f5fea7492da8ec2444839dcc439b0ef298978f311103d0b7dfd775898ab",
                "sha256:fd56a26a04f6ba5fb2045b0acc487a63162a958ed837648c5781e1fe3316cfbf",
                "sha256:ff4f6edb1578960ed628a3b998fa54d78d9bb3e2eb2cfc5c2a09732431c678d0",
                "sha256:ffe19f3e8d68111e8644d4f4e267a069ca427926855582ff01fc012496d19969"
            ],
            "index": "pypi",
            "markers": "python_version >= '3.8'",
            "version": "==3.10.15"
        },
        "packaging": {
            "hashes": [
                "sha256:09abb1bccd265c01f4a3aa3f7a7db064b36514d2cba19a2f694fe6150451a759",
                "sha256:c228a6dc5e932d346bc5739379109d49e8853dd8223571c7c5b55260edc0b97f"
            ],
            "markers": "python_version >= '3.8'",
            "version": "==24.2"
        },
        "pluggy": {
            "hashes": [
                "sha256:2cffa88e94fdc978c4c574f15f9e59b7f4201d439195c3715ca9e2486f1d0cf1",
                "sha256:44e1ad92c8ca002de6377e165f3e0f1be63266ab4d554740532335b9d75ea669"
            ],
            "markers": "python_version >= '3.8'",
            "version": "==1.5.0"
        },
        "psycopg2": {
            "hashes": [
                "sha256:0435034157049f6846e95103bd8f5a668788dd913a7c30162ca9503fdf542cb4",
                "sha256:12ec0b40b0273f95296233e8750441339298e6a572f7039da5b260e3c8b60e11",
                "sha256:47c4f9875125344f4c2b870e41b6aad585901318068acd01de93f3677a6522c2",
                "sha256:4a579d6243da40a7b3182e0430493dbd55950c493d8c68f4eec0b302f6bbf20e",
                "sha256:5df2b672140f95adb453af93a7d669d7a7bf0a56bcd26f1502329166f4a61716",
                "sha256:65a63d7ab0e067e2cdb3cf266de39663203d38d6a8ed97f5ca0cb315c73fe067",
                "sha256:88138c8dedcbfa96408023ea2b0c369eda40fe5d75002c0964c78f46f11fa442",
                "sha256:91fd603a2155da8d0cfcdbf8ab24a2d54bca72795b90d2a3ed2b6da8d979dee2",
                "sha256:9d5b3b94b79a844a986d029eee38998232451119ad653aea42bb9220a8c5066b",
                "sha256:c6f7b8561225f9e711a9c47087388a97fdc948211c10a4bccbf0ba68ab7b3b5a"
            ],
            "index": "pypi",
            "markers": "python_version >= '3.8'",
            "version": "==2.9.10"
        },
        "pytest": {
            "hashes": [
                "sha256:50e16d954148559c9a74109af1eaf0c945ba2d8f30f0a3d3335edde19788b6f6",
                "sha256:965370d062bce11e73868e0335abac31b4d3de0e82f4007408d242b4f8610761"
            ],
            "index": "pypi",
            "markers": "python_version >= '3.8'",
            "version": "==8.3.4"
        },
        "python-dateutil": {
            "hashes": [
                "sha256:37dd54208da7e1cd875388217d5e00ebd4179249f90fb72437e91a35459a0ad3",
                "sha256:a8b2bc7bffae282281c8140a97d3aa9c14da0b136dfe83f850eea9a5f7470427"
            ],
            "markers": "python_version >= '2.7' and python_version not in '3.0, 3.1, 3.2'",
            "version": "==2.9.0.post0"
        },
        "python-dotenv": {
            "hashes": [
                "sha256:e324ee90a023d808f1959c46bcbc04446a10ced277783dc6ee09987c37ec10ca",
                "sha256:f7b63ef50f1b690dddf550d03497b66d609393b40b564ed0d674909a68ebf16a"
            ],
            "index": "pypi",
            "markers": "python_version >= '3.8'",
            "version": "==1.0.1"
        },
        "pytz": {
            "hashes": [
                "sha256:89dd22dca55b46eac6eda23b2d72721bf1bdfef212645d81513ef5d03038de57",
                "sha256:c2db42be2a2518b28e65f9207c4d05e6ff547d1efa4086469ef855e4ab70178e"
            ],
            "version": "==2025.1"
        },
        "regex": {
            "hashes": [
                "sha256:02a02d2bb04fec86ad61f3ea7f49c015a0681bf76abb9857f945d26159d2968c",
                "sha256:02e28184be537f0e75c1f9b2f8847dc51e08e6e171c6bde130b2687e0c33cf60",
                "sha256:040df6fe1a5504eb0f04f048e6d09cd7c7110fef851d7c567a6b6e09942feb7d",
                "sha256:068376da5a7e4da51968ce4c122a7cd31afaaec4fccc7856c92f63876e57b51d",
                "sha256:06eb1be98df10e81ebaded73fcd51989dcf534e3c753466e4b60c4697a003b67",
                "sha256:072623554418a9911446278f16ecb398fb3b540147a7828c06e2011fa531e773",
                "sha256:086a27a0b4ca227941700e0b31425e7a28ef1ae8e5e05a33826e17e47fbfdba0",
                "sha256:08986dce1339bc932923e7d1232ce9881499a0e02925f7402fb7c982515419ef",
                "sha256:0a86e7eeca091c09e021db8eb72d54751e527fa47b8d5787caf96d9831bd02ad",
                "sha256:0c32f75920cf99fe6b6c539c399a4a128452eaf1af27f39bce8909c9a3fd8cbe",
                "sha256:0d7f453dca13f40a02b79636a339c5b62b670141e63efd511d3f8f73fba162b3",
                "sha256:1062b39a0a2b75a9c694f7a08e7183a80c63c0d62b301418ffd9c35f55aaa114",
                "sha256:13291b39131e2d002a7940fb176e120bec5145f3aeb7621be6534e46251912c4",
                "sha256:149f5008d286636e48cd0b1dd65018548944e495b0265b45e1bffecce1ef7f39",
                "sha256:164d8b7b3b4bcb2068b97428060b2a53be050085ef94eca7f240e7947f1b080e",
                "sha256:167ed4852351d8a750da48712c3930b031f6efdaa0f22fa1933716bfcd6bf4a3",
                "sha256:1c4de13f06a0d54fa0d5ab1b7138bfa0d883220965a29616e3ea61b35d5f5fc7",
                "sha256:202eb32e89f60fc147a41e55cb086db2a3f8cb82f9a9a88440dcfc5d37faae8d",
                "sha256:220902c3c5cc6af55d4fe19ead504de80eb91f786dc102fbd74894b1551f095e",
                "sha256:2b3361af3198667e99927da8b84c1b010752fa4b1115ee30beaa332cabc3ef1a",
                "sha256:2c89a8cc122b25ce6945f0423dc1352cb9593c68abd19223eebbd4e56612c5b7",
                "sha256:2d548dafee61f06ebdb584080621f3e0c23fff312f0de1afc776e2a2ba99a74f",
                "sha256:2e34b51b650b23ed3354b5a07aab37034d9f923db2a40519139af34f485f77d0",
                "sha256:32f9a4c643baad4efa81d549c2aadefaeba12249b2adc5af541759237eee1c54",
                "sha256:3a51ccc315653ba012774efca4f23d1d2a8a8f278a6072e29c7147eee7da446b",
                "sha256:3cde6e9f2580eb1665965ce9bf17ff4952f34f5b126beb509fee8f4e994f143c",
                "sha256:40291b1b89ca6ad8d3f2b82782cc33807f1406cf68c8d440861da6304d8ffbbd",
                "sha256:41758407fc32d5c3c5de163888068cfee69cb4c2be844e7ac517a52770f9af57",
                "sha256:4181b814e56078e9b00427ca358ec44333765f5ca1b45597ec7446d3a1ef6e34",
                "sha256:4f51f88c126370dcec4908576c5a627220da6c09d0bff31cfa89f2523843316d",
                "sha256:50153825ee016b91549962f970d6a4442fa106832e14c918acd1c8e479916c4f",
                "sha256:5056b185ca113c88e18223183aa1a50e66507769c9640a6ff75859619d73957b",
                "sha256:5071b2093e793357c9d8b2929dfc13ac5f0a6c650559503bb81189d0a3814519",
                "sha256:525eab0b789891ac3be914d36893bdf972d483fe66551f79d3e27146191a37d4",
                "sha256:52fb28f528778f184f870b7cf8f225f5eef0a8f6e3778529bdd40c7b3920796a",
                "sha256:5478c6962ad548b54a591778e93cd7c456a7a29f8eca9c49e4f9a806dcc5d638",
                "sha256:5670bce7b200273eee1840ef307bfa07cda90b38ae56e9a6ebcc9f50da9c469b",
                "sha256:5704e174f8ccab2026bd2f1ab6c510345ae8eac818b613d7d73e785f1310f839",
                "sha256:59dfe1ed21aea057a65c6b586afd2a945de04fc7db3de0a6e3ed5397ad491b07",
                "sha256:5e7e351589da0850c125f1600a4c4ba3c722efefe16b297de54300f08d734fbf",
                "sha256:63b13cfd72e9601125027202cad74995ab26921d8cd935c25f09c630436348ff",
                "sha256:658f90550f38270639e83ce492f27d2c8d2cd63805c65a13a14d36ca126753f0",
                "sha256:684d7a212682996d21ca12ef3c17353c021fe9de6049e19ac8481ec35574a70f",
                "sha256:69ab78f848845569401469da20df3e081e6b5a11cb086de3eed1d48f5ed57c95",
                "sha256:6f44ec28b1f858c98d3036ad5d7d0bfc568bdd7a74f9c24e25f41ef1ebfd81a4",
                "sha256:70b7fa6606c2881c1db9479b0eaa11ed5dfa11c8d60a474ff0e095099f39d98e",
                "sha256:764e71f22ab3b305e7f4c21f1a97e1526a25ebdd22513e251cf376760213da13",
                "sha256:7ab159b063c52a0333c884e4679f8d7a85112ee3078fe3d9004b2dd875585519",
                "sha256:805e6b60c54bf766b251e94526ebad60b7de0c70f70a4e6210ee2891acb70bf2",
                "sha256:8447d2d39b5abe381419319f942de20b7ecd60ce86f16a23b0698f22e1b70008",
                "sha256:86fddba590aad9208e2fa8b43b4c098bb0ec74f15718bb6a704e3c63e2cef3e9",
                "sha256:89d75e7293d2b3e674db7d4d9b1bee7f8f3d1609428e293771d1a962617150cc",
                "sha256:93c0b12d3d3bc25af4ebbf38f9ee780a487e8bf6954c115b9f015822d3bb8e48",
                "sha256:94d87b689cdd831934fa3ce16cc15cd65748e6d689f5d2b8f4f4df2065c9fa20",
                "sha256:9714398225f299aa85267fd222f7142fcb5c769e73d7733344efc46f2ef5cf89",
                "sha256:982e6d21414e78e1f51cf595d7f321dcd14de1f2881c5dc6a6e23bbbbd68435e",
                "sha256:997d6a487ff00807ba810e0f8332c18b4eb8d29463cfb7c820dc4b6e7562d0cf",
                "sha256:a03e02f48cd1abbd9f3b7e3586d97c8f7a9721c436f51a5245b3b9483044480b",
                "sha256:a36fdf2af13c2b14738f6e973aba563623cb77d753bbbd8d414d18bfaa3105dd",
                "sha256:a6ba92c0bcdf96cbf43a12c717eae4bc98325ca3730f6b130ffa2e3c3c723d84",
                "sha256:a7c2155f790e2fb448faed6dd241386719802296ec588a8b9051c1f5c481bc29",
                "sha256:a93c194e2df18f7d264092dc8539b8ffb86b45b899ab976aa15d48214138e81b",
                "sha256:abfa5080c374a76a251ba60683242bc17eeb2c9818d0d30117b4486be10c59d3",
                "sha256:ac10f2c4184420d881a3475fb2c6f4d95d53a8d50209a2500723d831036f7c45",
                "sha256:ad182d02e40de7459b73155deb8996bbd8e96852267879396fb274e8700190e3",
                "sha256:b2837718570f95dd41675328e111345f9b7095d821bac435aac173ac80b19983",
                "sha256:b489578720afb782f6ccf2840920f3a32e31ba28a4b162e13900c3e6bd3f930e",
                "sha256:b583904576650166b3d920d2bcce13971f6f9e9a396c673187f49811b2769dc7",
                "sha256:b85c2530be953a890eaffde05485238f07029600e8f098cdf1848d414a8b45e4",
                "sha256:b97c1e0bd37c5cd7902e65f410779d39eeda155800b65fc4d04cc432efa9bc6e",
                "sha256:ba9b72e5643641b7d41fa1f6d5abda2c9a263ae835b917348fc3c928182ad467",
                "sha256:bb26437975da7dc36b7efad18aa9dd4ea569d2357ae6b783bf1118dabd9ea577",
                "sha256:bb8f74f2f10dbf13a0be8de623ba4f9491faf58c24064f32b65679b021ed0001",
                "sha256:bde01f35767c4a7899b7eb6e823b125a64de314a8ee9791367c9a34d56af18d0",
                "sha256:bec9931dfb61ddd8ef2ebc05646293812cb6b16b60cf7c9511a832b6f1854b55",
                "sha256:c36f9b6f5f8649bb251a5f3f66564438977b7ef8386a52460ae77e6070d309d9",
                "sha256:cdf58d0e516ee426a48f7b2c03a332a4114420716d55769ff7108c37a09951bf",
                "sha256:d1cee317bfc014c2419a76bcc87f071405e3966da434e03e13beb45f8aced1a6",
                "sha256:d22326fcdef5e08c154280b71163ced384b428343ae16a5ab2b3354aed12436e",
                "sha256:d3660c82f209655a06b587d55e723f0b813d3a7db2e32e5e7dc64ac2a9e86fde",
                "sha256:da8f5fc57d1933de22a9e23eec290a0d8a5927a5370d24bda9a6abe50683fe62",
                "sha256:df951c5f4a1b1910f1a99ff42c473ff60f8225baa1cdd3539fe2819d9543e9df",
                "sha256:e5364a4502efca094731680e80009632ad6624084aff9a23ce8c8c6820de3e51",
                "sha256:ea1bfda2f7162605f6e8178223576856b3d791109f15ea99a9f95c16a7636fb5",
                "sha256:f02f93b92358ee3f78660e43b4b0091229260c5d5c408d17d60bf26b6c900e86",
                "sha256:f056bf21105c2515c32372bbc057f43eb02aae2fda61052e2f7622c801f0b4e2",
                "sha256:f1ac758ef6aebfc8943560194e9fd0fa18bcb34d89fd8bd2af18183afd8da3a2",
                "sha256:f2a19f302cd1ce5dd01a9099aaa19cae6173306d1302a43b627f62e21cf18ac0",
                "sha256:f654882311409afb1d780b940234208a252322c24a93b442ca714d119e68086c",
                "sha256:f65557897fc977a44ab205ea871b690adaef6b9da6afda4790a2484b04293a5f",
                "sha256:f9d1e379028e0fc2ae3654bac3cbbef81bf3fd571272a42d56c24007979bafb6",
                "sha256:fdabbfc59f2c6edba2a6622c647b716e34e8e3867e0ab975412c5c2f79b82da2",
                "sha256:fdd6028445d2460f33136c55eeb1f601ab06d74cb3347132e1c24250187500d9",
                "sha256:ff590880083d60acc0433f9c3f713c51f7ac6ebb9adf889c79a261ecf541aa91"
            ],
            "markers": "python_version >= '3.8'",
            "version": "==2024.11.6"
        },
        "six": {
            "hashes": [
                "sha256:4721f391ed90541fddacab5acf947aa0d3dc7d27b2e1e8eda2be8970586c3274",
                "sha256:ff70335d468e7eb6ec65b95b99d3a2836546063f63acc5171de367e834932a81"
            ],
            "markers": "python_version >= '2.7' and python_version not in '3.0, 3.1, 3.2'",
            "version": "==1.17.0"
        },
        "structlog": {
            "hashes": [
                "sha256:2ef2a572e0e27f09664965d31a576afe64e46ac6084ef5cec3c2b8cd6e4e3ad3",
                "sha256:843fe4f254540329f380812cbe612e1af5ec5b8172205ae634679cd35a6d6321"
            ],
            "index": "pypi",
            "markers": "python_version >= '3.8'",
            "version": "==25.1.0"
        },
        "tzdata": {
            "hashes": [
                "sha256:24894909e88cdb28bd1636c6887801df64cb485bd593f2fd83ef29075a81d694",
                "sha256:7e127113816800496f027041c570f50bcd464a020098a3b6b199517772303639"
            ],
            "markers": "python_version >= '2'",
            "version": "==2025.1"
        },
        "tzlocal": {
            "hashes": [
                "sha256:2fafbfc07e9d8b49ade18f898d6bcd37ae88ce3ad6486842a2e4f03af68323d2",
                "sha256:3814135a1bb29763c6e4f08fd6e41dbb435c7a60bfbb03270211bcc537187d8c"
            ],
            "markers": "python_version >= '3.9'",
            "version": "==5.3"
        },
        "win32-setctime": {
            "hashes": [
                "sha256:95d644c4e708aba81dc3704a116d8cbc974d70b3bdb8be1d150e36be6e9d1390",
                "sha256:ae1fdf948f5640aae05c511ade119313fb6a30d7eabe25fef9764dca5873c4c0"
            ],
            "markers": "python_version >= '3.5'",
            "version": "==1.2.0"
        }
    },
    "develop": {}
}
